{
  "nodes": {
    "cargo2nix": {
      "inputs": {
        "flake-utils": "flake-utils",
        "nixpkgs": "nixpkgs",
        "rust-overlay": "rust-overlay"
      },
      "locked": {
        "lastModified": 1637554852,
        "narHash": "sha256-Bn7N1afii6BCDYoZX8OhARPFAuxaR0FZ4KlLD4xQTpc=",
        "owner": "cargo2nix",
        "repo": "cargo2nix",
        "rev": "9b3ebcfdd60181a042e34cc67f65a2fab755103e",
        "type": "github"
      },
      "original": {
        "owner": "cargo2nix",
        "ref": "host-platform-build-rs",
        "repo": "cargo2nix",
        "type": "github"
      }
    },
    "flake-compat": {
      "flake": false,
      "locked": {
        "lastModified": 1627913399,
        "narHash": "sha256-hY8g6H2KFL8ownSiFeMOjwPC8P0ueXpCVEbxgda3pko=",
        "owner": "edolstra",
        "repo": "flake-compat",
        "rev": "12c64ca55c1014cdc1b16ed5a804aa8576601ff2",
        "type": "github"
      },
      "original": {
        "owner": "edolstra",
        "repo": "flake-compat",
        "type": "github"
      }
    },
    "flake-utils": {
      "locked": {
        "lastModified": 1637014545,
        "narHash": "sha256-26IZAc5yzlD9FlDT54io1oqG/bBoyka+FJk5guaX4x4=",
        "owner": "numtide",
        "repo": "flake-utils",
        "rev": "bba5dcc8e0b20ab664967ad83d24d64cb64ec4f4",
        "type": "github"
      },
      "original": {
        "owner": "numtide",
        "repo": "flake-utils",
        "type": "github"
      }
    },
    "flake-utils_2": {
      "locked": {
        "lastModified": 1638122382,
        "narHash": "sha256-sQzZzAbvKEqN9s0bzWuYmRaA03v40gaJ4+iL1LXjaeI=",
        "owner": "numtide",
        "repo": "flake-utils",
        "rev": "74f7e4319258e287b0f9cb95426c9853b282730b",
        "type": "github"
      },
      "original": {
        "owner": "numtide",
        "repo": "flake-utils",
        "type": "github"
      }
    },
    "flake-utils_3": {
      "locked": {
        "lastModified": 1637014545,
        "narHash": "sha256-26IZAc5yzlD9FlDT54io1oqG/bBoyka+FJk5guaX4x4=",
        "owner": "numtide",
        "repo": "flake-utils",
        "rev": "bba5dcc8e0b20ab664967ad83d24d64cb64ec4f4",
        "type": "github"
      },
      "original": {
        "owner": "numtide",
        "repo": "flake-utils",
        "type": "github"
      }
    },
    "flake-utils_4": {
      "locked": {
        "lastModified": 1637014545,
        "narHash": "sha256-26IZAc5yzlD9FlDT54io1oqG/bBoyka+FJk5guaX4x4=",
        "owner": "numtide",
        "repo": "flake-utils",
        "rev": "bba5dcc8e0b20ab664967ad83d24d64cb64ec4f4",
        "type": "github"
      },
      "original": {
        "owner": "numtide",
        "repo": "flake-utils",
        "type": "github"
      }
    },
    "holonix": {
      "flake": false,
      "locked": {
        "lastModified": 1640225568,
        "narHash": "sha256-wwMTlVaVCrsSzyk4d7kT/K3Rr4CXA3w9uTSWJCffJgQ=",
        "owner": "holochain",
        "repo": "holonix",
        "rev": "ad7448859880cebe535187f54820ae2c9a3f4c08",
        "type": "github"
      },
      "original": {
        "owner": "holochain",
        "repo": "holonix",
        "type": "github"
      }
    },
    "naersk": {
      "inputs": {
        "nixpkgs": "nixpkgs_3"
      },
      "locked": {
        "lastModified": 1638219772,
        "narHash": "sha256-R396OImY09dKCRgbY0s54/cQxoFNushVtHyCVw+y7FU=",
        "owner": "mhuesch",
        "repo": "naersk",
        "rev": "80649a7ebe7c0675699893b278ebed851d711a69",
        "type": "github"
      },
      "original": {
        "owner": "mhuesch",
        "repo": "naersk",
        "type": "github"
      }
    },
    "nixpkgs": {
      "locked": {
        "lastModified": 1637148124,
        "narHash": "sha256-uLvC4RU2nl3TjvQGaJzuUIEtbu/AcMwkj2UebECSpp8=",
        "owner": "nixos",
        "repo": "nixpkgs",
        "rev": "2e4a1ac9c7b79012111ab99b27055523e5a7c0f0",
        "type": "github"
      },
      "original": {
        "owner": "nixos",
        "ref": "release-21.05",
        "repo": "nixpkgs",
        "type": "github"
      }
    },
    "nixpkgs_2": {
      "locked": {
        "lastModified": 1640618094,
        "narHash": "sha256-EU/+hGhTdsUcdNV0kb2+U/DH7R41/mMlweFzLuEplhg=",
        "owner": "NixOS",
        "repo": "nixpkgs",
        "rev": "0736e7e3a90fb6d2ff6e11c077918220a253c9bc",
        "type": "github"
      },
      "original": {
        "owner": "NixOS",
        "repo": "nixpkgs",
        "type": "github"
      }
    },
    "nixpkgs_3": {
      "locked": {
        "lastModified": 1638222607,
        "narHash": "sha256-wEm8GmHhqyQEEl4S2zg8ACDNX7x7MqyJuXCTV/tElh0=",
        "owner": "NixOS",
        "repo": "nixpkgs",
        "rev": "0868d2fde11018d1234a1f8bddf147f3340a70f3",
        "type": "github"
      },
      "original": {
        "id": "nixpkgs",
        "type": "indirect"
      }
    },
    "nixpkgs_4": {
      "locked": {
        "lastModified": 1638806821,
        "narHash": "sha256-v2qd2Bsmzft53s43eCbN+4ocrLksRdFLyF/MAGuWuDA=",
        "owner": "nixos",
        "repo": "nixpkgs",
        "rev": "bc5d68306b40b8522ffb69ba6cff91898c2fbbff",
        "type": "github"
      },
      "original": {
        "owner": "nixos",
        "ref": "nixos-unstable",
        "repo": "nixpkgs",
        "type": "github"
      }
    },
    "nixpkgs_5": {
      "locked": {
        "lastModified": 1637453606,
        "narHash": "sha256-Gy6cwUswft9xqsjWxFYEnx/63/qzaFUwatcbV5GF/GQ=",
        "owner": "NixOS",
        "repo": "nixpkgs",
        "rev": "8afc4e543663ca0a6a4f496262cd05233737e732",
        "type": "github"
      },
      "original": {
        "owner": "NixOS",
        "ref": "nixpkgs-unstable",
        "repo": "nixpkgs",
        "type": "github"
      }
    },
    "root": {
      "inputs": {
        "cargo2nix": "cargo2nix",
        "flake-compat": "flake-compat",
        "flake-utils": "flake-utils_3",
        "holonix": "holonix",
        "naersk": "naersk",
        "nixpkgs": "nixpkgs_4",
        "rust-overlay": "rust-overlay_2"
      }
    },
    "rust-overlay": {
      "inputs": {
        "flake-utils": "flake-utils_2",
        "nixpkgs": "nixpkgs_2"
      },
      "locked": {
        "lastModified": 1637288133,
        "narHash": "sha256-x5XWEK333KEhy2WL3TafE1vSa8/A1sGdbirTIV2bmSc=",
        "owner": "oxalica",
        "repo": "rust-overlay",
        "rev": "ccc467eff80b2fbb8000cf425e999ef14fbe200c",
        "type": "github"
      },
      "original": {
        "owner": "oxalica",
        "repo": "rust-overlay",
        "type": "github"
      }
    },
    "rust-overlay_2": {
      "inputs": {
        "flake-utils": "flake-utils_4",
        "nixpkgs": "nixpkgs_5"
      },
      "locked": {
        "lastModified": 1637892877,
        "narHash": "sha256-EjqFJAEiYDrL/AIreKDDb0JDMvObv+UONHMBPnb+8Do=",
        "owner": "oxalica",
        "repo": "rust-overlay",
        "rev": "3e10e13c0b96536c2d4e00910557196e1ab09bd6",
        "type": "github"
      },
      "original": {
        "owner": "oxalica",
        "repo": "rust-overlay",
        "type": "github"
      }
    }
  },
  "root": "root",
  "version": 7
}
